// !$*UTF8*$!
{
	archiveVersion = 1;
	classes = {
	};
	objectVersion = 46;
	objects = {

/* Begin PBXBuildFile section */
		6A87F51F19C8461E00E8F31B /* AppDelegate.swift in Sources */ = {isa = PBXBuildFile; fileRef = 6A87F51E19C8461E00E8F31B /* AppDelegate.swift */; };
		6A87F52119C8461E00E8F31B /* FirstViewController.swift in Sources */ = {isa = PBXBuildFile; fileRef = 6A87F52019C8461E00E8F31B /* FirstViewController.swift */; };
		6A87F52319C8461E00E8F31B /* SecondViewController.swift in Sources */ = {isa = PBXBuildFile; fileRef = 6A87F52219C8461E00E8F31B /* SecondViewController.swift */; };
		6A87F52619C8461E00E8F31B /* Main.storyboard in Resources */ = {isa = PBXBuildFile; fileRef = 6A87F52419C8461E00E8F31B /* Main.storyboard */; };
		6A87F52819C8461E00E8F31B /* Images.xcassets in Resources */ = {isa = PBXBuildFile; fileRef = 6A87F52719C8461E00E8F31B /* Images.xcassets */; };
		6A87F52B19C8461E00E8F31B /* LaunchScreen.xib in Resources */ = {isa = PBXBuildFile; fileRef = 6A87F52919C8461E00E8F31B /* LaunchScreen.xib */; };
		6A87F53719C8461E00E8F31B /* testTests.swift in Sources */ = {isa = PBXBuildFile; fileRef = 6A87F53619C8461E00E8F31B /* testTests.swift */; };
		6A87F54119C8473F00E8F31B /* FrameWorkTest.framework in Frameworks */ = {isa = PBXBuildFile; fileRef = 6A87F54019C8473F00E8F31B /* FrameWorkTest.framework */; };
/* End PBXBuildFile section */

/* Begin PBXContainerItemProxy section */
		6A87F53119C8461E00E8F31B /* PBXContainerItemProxy */ = {
			isa = PBXContainerItemProxy;
			containerPortal = 6A87F51119C8461E00E8F31B /* Project object */;
			proxyType = 1;
			remoteGlobalIDString = 6A87F51819C8461E00E8F31B;
			remoteInfo = test;
		};
/* End PBXContainerItemProxy section */

/* Begin PBXFileReference section */
		6A87F51919C8461E00E8F31B /* test.app */ = {isa = PBXFileReference; explicitFileType = wrapper.application; includeInIndex = 0; path = test.app; sourceTree = BUILT_PRODUCTS_DIR; };
		6A87F51D19C8461E00E8F31B /* Info.plist */ = {isa = PBXFileReference; lastKnownFileType = text.plist.xml; path = Info.plist; sourceTree = "<group>"; };
		6A87F51E19C8461E00E8F31B /* AppDelegate.swift */ = {isa = PBXFileReference; lastKnownFileType = sourcecode.swift; path = AppDelegate.swift; sourceTree = "<group>"; };
		6A87F52019C8461E00E8F31B /* FirstViewController.swift */ = {isa = PBXFileReference; lastKnownFileType = sourcecode.swift; path = FirstViewController.swift; sourceTree = "<group>"; };
		6A87F52219C8461E00E8F31B /* SecondViewController.swift */ = {isa = PBXFileReference; lastKnownFileType = sourcecode.swift; path = SecondViewController.swift; sourceTree = "<group>"; };
		6A87F52519C8461E00E8F31B /* Base */ = {isa = PBXFileReference; lastKnownFileType = file.storyboard; name = Base; path = Base.lproj/Main.storyboard; sourceTree = "<group>"; };
		6A87F52719C8461E00E8F31B /* Images.xcassets */ = {isa = PBXFileReference; lastKnownFileType = folder.assetcatalog; path = Images.xcassets; sourceTree = "<group>"; };
		6A87F52A19C8461E00E8F31B /* Base */ = {isa = PBXFileReference; lastKnownFileType = file.xib; name = Base; path = Base.lproj/LaunchScreen.xib; sourceTree = "<group>"; };
		6A87F53019C8461E00E8F31B /* testTests.xctest */ = {isa = PBXFileReference; explicitFileType = wrapper.cfbundle; includeInIndex = 0; path = testTests.xctest; sourceTree = BUILT_PRODUCTS_DIR; };
		6A87F53519C8461E00E8F31B /* Info.plist */ = {isa = PBXFileReference; lastKnownFileType = text.plist.xml; path = Info.plist; sourceTree = "<group>"; };
		6A87F53619C8461E00E8F31B /* testTests.swift */ = {isa = PBXFileReference; lastKnownFileType = sourcecode.swift; path = testTests.swift; sourceTree = "<group>"; };
		6A87F54019C8473F00E8F31B /* FrameWorkTest.framework */ = {isa = PBXFileReference; lastKnownFileType = wrapper.framework; name = FrameWorkTest.framework; path = "../FrameWorkTest/build/Debug-iphoneos/FrameWorkTest.framework"; sourceTree = "<group>"; };
/* End PBXFileReference section */

/* Begin PBXFrameworksBuildPhase section */
		6A87F51619C8461E00E8F31B /* Frameworks */ = {
			isa = PBXFrameworksBuildPhase;
			buildActionMask = 2147483647;
			files = (
				6A87F54119C8473F00E8F31B /* FrameWorkTest.framework in Frameworks */,
			);
			runOnlyForDeploymentPostprocessing = 0;
		};
		6A87F52D19C8461E00E8F31B /* Frameworks */ = {
			isa = PBXFrameworksBuildPhase;
			buildActionMask = 2147483647;
			files = (
			);
			runOnlyForDeploymentPostprocessing = 0;
		};
/* End PBXFrameworksBuildPhase section */

/* Begin PBXGroup section */
		6A87F51019C8461E00E8F31B = {
			isa = PBXGroup;
			children = (
				6A87F54019C8473F00E8F31B /* FrameWorkTest.framework */,
				6A87F51B19C8461E00E8F31B /* test */,
				6A87F53319C8461E00E8F31B /* testTests */,
				6A87F51A19C8461E00E8F31B /* Products */,
			);
			sourceTree = "<group>";
		};
		6A87F51A19C8461E00E8F31B /* Products */ = {
			isa = PBXGroup;
			children = (
				6A87F51919C8461E00E8F31B /* test.app */,
				6A87F53019C8461E00E8F31B /* testTests.xctest */,
			);
			name = Products;
			sourceTree = "<group>";
		};
		6A87F51B19C8461E00E8F31B /* test */ = {
			isa = PBXGroup;
			children = (
				6A87F51E19C8461E00E8F31B /* AppDelegate.swift */,
				6A87F52019C8461E00E8F31B /* FirstViewController.swift */,
				6A87F52219C8461E00E8F31B /* SecondViewController.swift */,
				6A87F52419C8461E00E8F31B /* Main.storyboard */,
				6A87F52719C8461E00E8F31B /* Images.xcassets */,
				6A87F52919C8461E00E8F31B /* LaunchScreen.xib */,
				6A87F51C19C8461E00E8F31B /* Supporting Files */,
			);
			path = test;
			sourceTree = "<group>";
		};
		6A87F51C19C8461E00E8F31B /* Supporting Files */ = {
			isa = PBXGroup;
			children = (
				6A87F51D19C8461E00E8F31B /* Info.plist */,
			);
			name = "Supporting Files";
			sourceTree = "<group>";
		};
		6A87F53319C8461E00E8F31B /* testTests */ = {
			isa = PBXGroup;
			children = (
				6A87F53619C8461E00E8F31B /* testTests.swift */,
				6A87F53419C8461E00E8F31B /* Supporting Files */,
			);
			path = testTests;
			sourceTree = "<group>";
		};
		6A87F53419C8461E00E8F31B /* Supporting Files */ = {
			isa = PBXGroup;
			children = (
				6A87F53519C8461E00E8F31B /* Info.plist */,
			);
			name = "Supporting Files";
			sourceTree = "<group>";
		};
/* End PBXGroup section */

/* Begin PBXNativeTarget section */
		6A87F51819C8461E00E8F31B /* test */ = {
			isa = PBXNativeTarget;
			buildConfigurationList = 6A87F53A19C8461E00E8F31B /* Build configuration list for PBXNativeTarget "test" */;
			buildPhases = (
				6A87F51519C8461E00E8F31B /* Sources */,
				6A87F51619C8461E00E8F31B /* Frameworks */,
				6A87F51719C8461E00E8F31B /* Resources */,
			);
			buildRules = (
			);
			dependencies = (
			);
			name = test;
			productName = test;
			productReference = 6A87F51919C8461E00E8F31B /* test.app */;
			productType = "com.apple.product-type.application";
		};
		6A87F52F19C8461E00E8F31B /* testTests */ = {
			isa = PBXNativeTarget;
			buildConfigurationList = 6A87F53D19C8461E00E8F31B /* Build configuration list for PBXNativeTarget "testTests" */;
			buildPhases = (
				6A87F52C19C8461E00E8F31B /* Sources */,
				6A87F52D19C8461E00E8F31B /* Frameworks */,
				6A87F52E19C8461E00E8F31B /* Resources */,
			);
			buildRules = (
			);
			dependencies = (
				6A87F53219C8461E00E8F31B /* PBXTargetDependency */,
			);
			name = testTests;
			productName = testTests;
			productReference = 6A87F53019C8461E00E8F31B /* testTests.xctest */;
			productType = "com.apple.product-type.bundle.unit-test";
		};
/* End PBXNativeTarget section */

/* Begin PBXProject section */
		6A87F51119C8461E00E8F31B /* Project object */ = {
			isa = PBXProject;
			attributes = {
				LastUpgradeCheck = 0600;
				ORGANIZATIONNAME = Ramotion;
				TargetAttributes = {
					6A87F51819C8461E00E8F31B = {
						CreatedOnToolsVersion = 6.0;
					};
					6A87F52F19C8461E00E8F31B = {
						CreatedOnToolsVersion = 6.0;
						TestTargetID = 6A87F51819C8461E00E8F31B;
					};
				};
			};
			buildConfigurationList = 6A87F51419C8461E00E8F31B /* Build configuration list for PBXProject "test" */;
			compatibilityVersion = "Xcode 3.2";
			developmentRegion = English;
			hasScannedForEncodings = 0;
			knownRegions = (
				en,
				Base,
			);
			mainGroup = 6A87F51019C8461E00E8F31B;
			productRefGroup = 6A87F51A19C8461E00E8F31B /* Products */;
			projectDirPath = "";
			projectRoot = "";
			targets = (
				6A87F51819C8461E00E8F31B /* test */,
				6A87F52F19C8461E00E8F31B /* testTests */,
			);
		};
/* End PBXProject section */

/* Begin PBXResourcesBuildPhase section */
		6A87F51719C8461E00E8F31B /* Resources */ = {
			isa = PBXResourcesBuildPhase;
			buildActionMask = 2147483647;
			files = (
				6A87F52619C8461E00E8F31B /* Main.storyboard in Resources */,
				6A87F52B19C8461E00E8F31B /* LaunchScreen.xib in Resources */,
				6A87F52819C8461E00E8F31B /* Images.xcassets in Resources */,
			);
			runOnlyForDeploymentPostprocessing = 0;
		};
		6A87F52E19C8461E00E8F31B /* Resources */ = {
			isa = PBXResourcesBuildPhase;
			buildActionMask = 2147483647;
			files = (
			);
			runOnlyForDeploymentPostprocessing = 0;
		};
/* End PBXResourcesBuildPhase section */

/* Begin PBXSourcesBuildPhase section */
		6A87F51519C8461E00E8F31B /* Sources */ = {
			isa = PBXSourcesBuildPhase;
			buildActionMask = 2147483647;
			files = (
				6A87F52319C8461E00E8F31B /* SecondViewController.swift in Sources */,
				6A87F51F19C8461E00E8F31B /* AppDelegate.swift in Sources */,
				6A87F52119C8461E00E8F31B /* FirstViewController.swift in Sources */,
			);
			runOnlyForDeploymentPostprocessing = 0;
		};
		6A87F52C19C8461E00E8F31B /* Sources */ = {
			isa = PBXSourcesBuildPhase;
			buildActionMask = 2147483647;
			files = (
				6A87F53719C8461E00E8F31B /* testTests.swift in Sources */,
			);
			runOnlyForDeploymentPostprocessing = 0;
		};
/* End PBXSourcesBuildPhase section */

/* Begin PBXTargetDependency section */
		6A87F53219C8461E00E8F31B /* PBXTargetDependency */ = {
			isa = PBXTargetDependency;
			target = 6A87F51819C8461E00E8F31B /* test */;
			targetProxy = 6A87F53119C8461E00E8F31B /* PBXContainerItemProxy */;
		};
/* End PBXTargetDependency section */

/* Begin PBXVariantGroup section */
		6A87F52419C8461E00E8F31B /* Main.storyboard */ = {
			isa = PBXVariantGroup;
			children = (
				6A87F52519C8461E00E8F31B /* Base */,
			);
			name = Main.storyboard;
			sourceTree = "<group>";
		};
		6A87F52919C8461E00E8F31B /* LaunchScreen.xib */ = {
			isa = PBXVariantGroup;
			children = (
				6A87F52A19C8461E00E8F31B /* Base */,
			);
			name = LaunchScreen.xib;
			sourceTree = "<group>";
		};
/* End PBXVariantGroup section */

/* Begin XCBuildConfiguration section */
		6A87F53819C8461E00E8F31B /* Debug */ = {
			isa = XCBuildConfiguration;
			buildSettings = {
				ALWAYS_SEARCH_USER_PATHS = NO;
				CLANG_CXX_LANGUAGE_STANDARD = "gnu++0x";
				CLANG_CXX_LIBRARY = "libc++";
				CLANG_ENABLE_MODULES = YES;
				CLANG_ENABLE_OBJC_ARC = YES;
				CLANG_WARN_BOOL_CONVERSION = YES;
				CLANG_WARN_CONSTANT_CONVERSION = YES;
				CLANG_WARN_DIRECT_OBJC_ISA_USAGE = YES_ERROR;
				CLANG_WARN_EMPTY_BODY = YES;
				CLANG_WARN_ENUM_CONVERSION = YES;
				CLANG_WARN_INT_CONVERSION = YES;
				CLANG_WARN_OBJC_ROOT_CLASS = YES_ERROR;
				CLANG_WARN_UNREACHABLE_CODE = YES;
				CLANG_WARN__DUPLICATE_METHOD_MATCH = YES;
				"CODE_SIGN_IDENTITY[sdk=iphoneos*]" = "iPhone Developer";
				COPY_PHASE_STRIP = NO;
				ENABLE_STRICT_OBJC_MSGSEND = YES;
				GCC_C_LANGUAGE_STANDARD = gnu99;
				GCC_DYNAMIC_NO_PIC = NO;
				GCC_OPTIMIZATION_LEVEL = 0;
				GCC_PREPROCESSOR_DEFINITIONS = (
					"DEBUG=1",
					"$(inherited)",
				);
				GCC_SYMBOLS_PRIVATE_EXTERN = NO;
				GCC_WARN_64_TO_32_BIT_CONVERSION = YES;
				GCC_WARN_ABOUT_RETURN_TYPE = YES_ERROR;
				GCC_WARN_UNDECLARED_SELECTOR = YES;
				GCC_WARN_UNINITIALIZED_AUTOS = YES_AGGRESSIVE;
				GCC_WARN_UNUSED_FUNCTION = YES;
				GCC_WARN_UNUSED_VARIABLE = YES;
				IPHONEOS_DEPLOYMENT_TARGET = 8.0;
				MTL_ENABLE_DEBUG_INFO = YES;
				ONLY_ACTIVE_ARCH = YES;
				SDKROOT = iphoneos;
				SWIFT_OPTIMIZATION_LEVEL = "-Onone";
			};
			name = Debug;
		};
		6A87F53919C8461E00E8F31B /* Release */ = {
			isa = XCBuildConfiguration;
			buildSettings = {
				ALWAYS_SEARCH_USER_PATHS = NO;
				CLANG_CXX_LANGUAGE_STANDARD = "gnu++0x";
				CLANG_CXX_LIBRARY = "libc++";
				CLANG_ENABLE_MODULES = YES;
				CLANG_ENABLE_OBJC_ARC = YES;
				CLANG_WARN_BOOL_CONVERSION = YES;
				CLANG_WARN_CONSTANT_CONVERSION = YES;
				CLANG_WARN_DIRECT_OBJC_ISA_USAGE = YES_ERROR;
				CLANG_WARN_EMPTY_BODY = YES;
				CLANG_WARN_ENUM_CONVERSION = YES;
				CLANG_WARN_INT_CONVERSION = YES;
				CLANG_WARN_OBJC_ROOT_CLASS = YES_ERROR;
				CLANG_WARN_UNREACHABLE_CODE = YES;
				CLANG_WARN__DUPLICATE_METHOD_MATCH = YES;
				"CODE_SIGN_IDENTITY[sdk=iphoneos*]" = "iPhone Developer";
				COPY_PHASE_STRIP = YES;
				ENABLE_NS_ASSERTIONS = NO;
				ENABLE_STRICT_OBJC_MSGSEND = YES;
				GCC_C_LANGUAGE_STANDARD = gnu99;
				GCC_WARN_64_TO_32_BIT_CONVERSION = YES;
				GCC_WARN_ABOUT_RETURN_TYPE = YES_ERROR;
				GCC_WARN_UNDECLARED_SELECTOR = YES;
				GCC_WARN_UNINITIALIZED_AUTOS = YES_AGGRESSIVE;
				GCC_WARN_UNUSED_FUNCTION = YES;
				GCC_WARN_UNUSED_VARIABLE = YES;
				IPHONEOS_DEPLOYMENT_TARGET = 8.0;
				MTL_ENABLE_DEBUG_INFO = NO;
				SDKROOT = iphoneos;
				VALIDATE_PRODUCT = YES;
			};
			name = Release;
		};
		6A87F53B19C8461E00E8F31B /* Debug */ = {
			isa = XCBuildConfiguration;
			buildSettings = {
				ASSETCATALOG_COMPILER_APPICON_NAME = AppIcon;
				DEFINES_MODULE = YES;
				FRAMEWORK_SEARCH_PATHS = (
					"$(inherited)",
					"/Users/arcilite/Documents/FrameWorkTest/FrameWorkTest/build/Debug-iphoneos",
				);
				INFOPLIST_FILE = test/Info.plist;
				LD_RUNPATH_SEARCH_PATHS = "$(inherited) @executable_path/Frameworks";
				PRODUCT_NAME = "$(TARGET_NAME)";
			};
			name = Debug;
		};
		6A87F53C19C8461E00E8F31B /* Release */ = {
			isa = XCBuildConfiguration;
			buildSettings = {
				ASSETCATALOG_COMPILER_APPICON_NAME = AppIcon;
				DEFINES_MODULE = YES;
				FRAMEWORK_SEARCH_PATHS = (
					"$(inherited)",
					"/Users/arcilite/Documents/FrameWorkTest/FrameWorkTest/build/Debug-iphoneos",
				);
				INFOPLIST_FILE = test/Info.plist;
				LD_RUNPATH_SEARCH_PATHS = "$(inherited) @executable_path/Frameworks";
				PRODUCT_NAME = "$(TARGET_NAME)";
			};
			name = Release;
		};
		6A87F53E19C8461E00E8F31B /* Debug */ = {
			isa = XCBuildConfiguration;
			buildSettings = {
				BUNDLE_LOADER = "$(TEST_HOST)";
				FRAMEWORK_SEARCH_PATHS = (
					"$(SDKROOT)/Developer/Library/Frameworks",
					"$(inherited)",
				);
				GCC_PREPROCESSOR_DEFINITIONS = (
					"DEBUG=1",
					"$(inherited)",
				);
				INFOPLIST_FILE = testTests/Info.plist;
				LD_RUNPATH_SEARCH_PATHS = "$(inherited) @executable_path/Frameworks @loader_path/Frameworks";
				PRODUCT_NAME = "$(TARGET_NAME)";
				TEST_HOST = "$(BUILT_PRODUCTS_DIR)/test.app/test";
			};
			name = Debug;
		};
		6A87F53F19C8461E00E8F31B /* Release */ = {
			isa = XCBuildConfiguration;
			buildSettings = {
				BUNDLE_LOADER = "$(TEST_HOST)";
				FRAMEWORK_SEARCH_PATHS = (
					"$(SDKROOT)/Developer/Library/Frameworks",
					"$(inherited)",
				);
				INFOPLIST_FILE = testTests/Info.plist;
				LD_RUNPATH_SEARCH_PATHS = "$(inherited) @executable_path/Frameworks @loader_path/Frameworks";
				PRODUCT_NAME = "$(TARGET_NAME)";
				TEST_HOST = "$(BUILT_PRODUCTS_DIR)/test.app/test";
			};
			name = Release;
		};
/* End XCBuildConfiguration section */

/* Begin XCConfigurationList section */
		6A87F51419C8461E00E8F31B /* Build configuration list for PBXProject "test" */ = {
			isa = XCConfigurationList;
			buildConfigurations = (
				6A87F53819C8461E00E8F31B /* Debug */,
				6A87F53919C8461E00E8F31B /* Release */,
			);
			defaultConfigurationIsVisible = 0;
			defaultConfigurationName = Release;
		};
		6A87F53A19C8461E00E8F31B /* Build configuration list for PBXNativeTarget "test" */ = {
			isa = XCConfigurationList;
			buildConfigurations = (
				6A87F53B19C8461E00E8F31B /* Debug */,
				6A87F53C19C8461E00E8F31B /* Release */,
			);
			defaultConfigurationIsVisible = 0;
		};
		6A87F53D19C8461E00E8F31B /* Build configuration list for PBXNativeTarget "testTests" */ = {
			isa = XCConfigurationList;
			buildConfigurations = (
				6A87F53E19C8461E00E8F31B /* Debug */,
				6A87F53F19C8461E00E8F31B /* Release */,
			);
			defaultConfigurationIsVisible = 0;
		};
/* End XCConfigurationList section */
	};
	rootObject = 6A87F51119C8461E00E8F31B /* Project object */;
}
