// !$*UTF8*$!
{
	archiveVersion = 1;
	classes = {
	};
	objectVersion = 46;
	objects = {

/* Begin PBXBuildFile section */
		6A87F4FB19C843A100E8F31B /* FrameWorkTest.h in Headers */ = {isa = PBXBuildFile; fileRef = 6A87F4FA19C843A100E8F31B /* FrameWorkTest.h */; settings = {ATTRIBUTES = (Public, ); }; };
		6A87F50519C843A100E8F31B /* FrameWorkTestTests.swift in Sources */ = {isa = PBXBuildFile; fileRef = 6A87F50419C843A100E8F31B /* FrameWorkTestTests.swift */; };
		6A87F50F19C8440900E8F31B /* TestClass.swift in Sources */ = {isa = PBXBuildFile; fileRef = 6A87F50E19C8440900E8F31B /* TestClass.swift */; };
/* End PBXBuildFile section */

/* Begin PBXFileReference section */
		6A87F4F519C843A100E8F31B /* FrameWorkTest.framework */ = {isa = PBXFileReference; explicitFileType = wrapper.framework; includeInIndex = 0; path = FrameWorkTest.framework; sourceTree = BUILT_PRODUCTS_DIR; };
		6A87F4F919C843A100E8F31B /* Info.plist */ = {isa = PBXFileReference; lastKnownFileType = text.plist.xml; path = Info.plist; sourceTree = "<group>"; };
		6A87F4FA19C843A100E8F31B /* FrameWorkTest.h */ = {isa = PBXFileReference; lastKnownFileType = sourcecode.c.h; path = FrameWorkTest.h; sourceTree = "<group>"; };
		6A87F50019C843A100E8F31B /* FrameWorkTestTests.xctest */ = {isa = PBXFileReference; explicitFileType = wrapper.cfbundle; includeInIndex = 0; path = FrameWorkTestTests.xctest; sourceTree = BUILT_PRODUCTS_DIR; };
		6A87F50319C843A100E8F31B /* Info.plist */ = {isa = PBXFileReference; lastKnownFileType = text.plist.xml; path = Info.plist; sourceTree = "<group>"; };
		6A87F50419C843A100E8F31B /* FrameWorkTestTests.swift */ = {isa = PBXFileReference; lastKnownFileType = sourcecode.swift; path = FrameWorkTestTests.swift; sourceTree = "<group>"; };
		6A87F50E19C8440900E8F31B /* TestClass.swift */ = {isa = PBXFileReference; fileEncoding = 4; lastKnownFileType = sourcecode.swift; name = TestClass.swift; path = ../../Common/TestClass.swift; sourceTree = "<group>"; };
/* End PBXFileReference section */

/* Begin PBXFrameworksBuildPhase section */
		6A87F4F119C843A100E8F31B /* Frameworks */ = {
			isa = PBXFrameworksBuildPhase;
			buildActionMask = 2147483647;
			files = (
			);
			runOnlyForDeploymentPostprocessing = 0;
		};
		6A87F4FD19C843A100E8F31B /* Frameworks */ = {
			isa = PBXFrameworksBuildPhase;
			buildActionMask = 2147483647;
			files = (
			);
			runOnlyForDeploymentPostprocessing = 0;
		};
/* End PBXFrameworksBuildPhase section */

/* Begin PBXGroup section */
		6A87F4EB19C843A100E8F31B = {
			isa = PBXGroup;
			children = (
				6A87F4F719C843A100E8F31B /* FrameWorkTest */,
				6A87F50119C843A100E8F31B /* FrameWorkTestTests */,
				6A87F4F619C843A100E8F31B /* Products */,
			);
			sourceTree = "<group>";
		};
		6A87F4F619C843A100E8F31B /* Products */ = {
			isa = PBXGroup;
			children = (
				6A87F4F519C843A100E8F31B /* FrameWorkTest.framework */,
				6A87F50019C843A100E8F31B /* FrameWorkTestTests.xctest */,
			);
			name = Products;
			sourceTree = "<group>";
		};
		6A87F4F719C843A100E8F31B /* FrameWorkTest */ = {
			isa = PBXGroup;
			children = (
				6A87F50E19C8440900E8F31B /* TestClass.swift */,
				6A87F4FA19C843A100E8F31B /* FrameWorkTest.h */,
				6A87F4F819C843A100E8F31B /* Supporting Files */,
			);
			path = FrameWorkTest;
			sourceTree = "<group>";
		};
		6A87F4F819C843A100E8F31B /* Supporting Files */ = {
			isa = PBXGroup;
			children = (
				6A87F4F919C843A100E8F31B /* Info.plist */,
			);
			name = "Supporting Files";
			sourceTree = "<group>";
		};
		6A87F50119C843A100E8F31B /* FrameWorkTestTests */ = {
			isa = PBXGroup;
			children = (
				6A87F50419C843A100E8F31B /* FrameWorkTestTests.swift */,
				6A87F50219C843A100E8F31B /* Supporting Files */,
			);
			path = FrameWorkTestTests;
			sourceTree = "<group>";
		};
		6A87F50219C843A100E8F31B /* Supporting Files */ = {
			isa = PBXGroup;
			children = (
				6A87F50319C843A100E8F31B /* Info.plist */,
			);
			name = "Supporting Files";
			sourceTree = "<group>";
		};
/* End PBXGroup section */

/* Begin PBXHeadersBuildPhase section */
		6A87F4F219C843A100E8F31B /* Headers */ = {
			isa = PBXHeadersBuildPhase;
			buildActionMask = 2147483647;
			files = (
				6A87F4FB19C843A100E8F31B /* FrameWorkTest.h in Headers */,
			);
			runOnlyForDeploymentPostprocessing = 0;
		};
/* End PBXHeadersBuildPhase section */

/* Begin PBXNativeTarget section */
		6A87F4F419C843A100E8F31B /* FrameWorkTest */ = {
			isa = PBXNativeTarget;
			buildConfigurationList = 6A87F50819C843A100E8F31B /* Build configuration list for PBXNativeTarget "FrameWorkTest" */;
			buildPhases = (
				6A87F4F019C843A100E8F31B /* Sources */,
				6A87F4F119C843A100E8F31B /* Frameworks */,
				6A87F4F219C843A100E8F31B /* Headers */,
				6A87F4F319C843A100E8F31B /* Resources */,
			);
			buildRules = (
			);
			dependencies = (
			);
			name = FrameWorkTest;
			productName = FrameWorkTest;
			productReference = 6A87F4F519C843A100E8F31B /* FrameWorkTest.framework */;
			productType = "com.apple.product-type.framework";
		};
		6A87F4FF19C843A100E8F31B /* FrameWorkTestTests */ = {
			isa = PBXNativeTarget;
			buildConfigurationList = 6A87F50B19C843A100E8F31B /* Build configuration list for PBXNativeTarget "FrameWorkTestTests" */;
			buildPhases = (
				6A87F4FC19C843A100E8F31B /* Sources */,
				6A87F4FD19C843A100E8F31B /* Frameworks */,
				6A87F4FE19C843A100E8F31B /* Resources */,
			);
			buildRules = (
			);
			dependencies = (
			);
			name = FrameWorkTestTests;
			productName = FrameWorkTestTests;
			productReference = 6A87F50019C843A100E8F31B /* FrameWorkTestTests.xctest */;
			productType = "com.apple.product-type.bundle.unit-test";
		};
/* End PBXNativeTarget section */

/* Begin PBXProject section */
		6A87F4EC19C843A100E8F31B /* Project object */ = {
			isa = PBXProject;
			attributes = {
				LastUpgradeCheck = 0600;
				ORGANIZATIONNAME = Ramotion;
				TargetAttributes = {
					6A87F4F419C843A100E8F31B = {
						CreatedOnToolsVersion = 6.0;
					};
					6A87F4FF19C843A100E8F31B = {
						CreatedOnToolsVersion = 6.0;
					};
				};
			};
			buildConfigurationList = 6A87F4EF19C843A100E8F31B /* Build configuration list for PBXProject "FrameWorkTest" */;
			compatibilityVersion = "Xcode 3.2";
			developmentRegion = English;
			hasScannedForEncodings = 0;
			knownRegions = (
				en,
			);
			mainGroup = 6A87F4EB19C843A100E8F31B;
			productRefGroup = 6A87F4F619C843A100E8F31B /* Products */;
			projectDirPath = "";
			projectRoot = "";
			targets = (
				6A87F4F419C843A100E8F31B /* FrameWorkTest */,
				6A87F4FF19C843A100E8F31B /* FrameWorkTestTests */,
			);
		};
/* End PBXProject section */

/* Begin PBXResourcesBuildPhase section */
		6A87F4F319C843A100E8F31B /* Resources */ = {
			isa = PBXResourcesBuildPhase;
			buildActionMask = 2147483647;
			files = (
			);
			runOnlyForDeploymentPostprocessing = 0;
		};
		6A87F4FE19C843A100E8F31B /* Resources */ = {
			isa = PBXResourcesBuildPhase;
			buildActionMask = 2147483647;
			files = (
			);
			runOnlyForDeploymentPostprocessing = 0;
		};
/* End PBXResourcesBuildPhase section */

/* Begin PBXSourcesBuildPhase section */
		6A87F4F019C843A100E8F31B /* Sources */ = {
			isa = PBXSourcesBuildPhase;
			buildActionMask = 2147483647;
			files = (
				6A87F50F19C8440900E8F31B /* TestClass.swift in Sources */,
			);
			runOnlyForDeploymentPostprocessing = 0;
		};
		6A87F4FC19C843A100E8F31B /* Sources */ = {
			isa = PBXSourcesBuildPhase;
			buildActionMask = 2147483647;
			files = (
				6A87F50519C843A100E8F31B /* FrameWorkTestTests.swift in Sources */,
			);
			runOnlyForDeploymentPostprocessing = 0;
		};
/* End PBXSourcesBuildPhase section */

/* Begin XCBuildConfiguration section */
		6A87F50619C843A100E8F31B /* Debug */ = {
			isa = XCBuildConfiguration;
			buildSettings = {
				ALWAYS_SEARCH_USER_PATHS = NO;
				CLANG_CXX_LANGUAGE_STANDARD = "gnu++0x";
				CLANG_CXX_LIBRARY = "libc++";
				CLANG_ENABLE_MODULES = YES;
				CLANG_ENABLE_OBJC_ARC = YES;
				CLANG_WARN_BOOL_CONVERSION = YES;
				CLANG_WARN_CONSTANT_CONVERSION = YES;
				CLANG_WARN_DIRECT_OBJC_ISA_USAGE = YES_ERROR;
				CLANG_WARN_EMPTY_BODY = YES;
				CLANG_WARN_ENUM_CONVERSION = YES;
				CLANG_WARN_INT_CONVERSION = YES;
				CLANG_WARN_OBJC_ROOT_CLASS = YES_ERROR;
				CLANG_WARN_UNREACHABLE_CODE = YES;
				CLANG_WARN__DUPLICATE_METHOD_MATCH = YES;
				"CODE_SIGN_IDENTITY[sdk=iphoneos*]" = "iPhone Developer";
				COPY_PHASE_STRIP = NO;
				CURRENT_PROJECT_VERSION = 1;
				ENABLE_STRICT_OBJC_MSGSEND = YES;
				GCC_C_LANGUAGE_STANDARD = gnu99;
				GCC_DYNAMIC_NO_PIC = NO;
				GCC_OPTIMIZATION_LEVEL = 0;
				GCC_PREPROCESSOR_DEFINITIONS = (
					"DEBUG=1",
					"$(inherited)",
				);
				GCC_SYMBOLS_PRIVATE_EXTERN = NO;
				GCC_WARN_64_TO_32_BIT_CONVERSION = YES;
				GCC_WARN_ABOUT_RETURN_TYPE = YES_ERROR;
				GCC_WARN_UNDECLARED_SELECTOR = YES;
				GCC_WARN_UNINITIALIZED_AUTOS = YES_AGGRESSIVE;
				GCC_WARN_UNUSED_FUNCTION = YES;
				GCC_WARN_UNUSED_VARIABLE = YES;
				IPHONEOS_DEPLOYMENT_TARGET = 8.0;
				MTL_ENABLE_DEBUG_INFO = YES;
				ONLY_ACTIVE_ARCH = YES;
				SDKROOT = iphoneos;
				SWIFT_OPTIMIZATION_LEVEL = "-Onone";
				TARGETED_DEVICE_FAMILY = "1,2";
				VERSIONING_SYSTEM = "apple-generic";
				VERSION_INFO_PREFIX = "";
			};
			name = Debug;
		};
		6A87F50719C843A100E8F31B /* Release */ = {
			isa = XCBuildConfiguration;
			buildSettings = {
				ALWAYS_SEARCH_USER_PATHS = NO;
				CLANG_CXX_LANGUAGE_STANDARD = "gnu++0x";
				CLANG_CXX_LIBRARY = "libc++";
				CLANG_ENABLE_MODULES = YES;
				CLANG_ENABLE_OBJC_ARC = YES;
				CLANG_WARN_BOOL_CONVERSION = YES;
				CLANG_WARN_CONSTANT_CONVERSION = YES;
				CLANG_WARN_DIRECT_OBJC_ISA_USAGE = YES_ERROR;
				CLANG_WARN_EMPTY_BODY = YES;
				CLANG_WARN_ENUM_CONVERSION = YES;
				CLANG_WARN_INT_CONVERSION = YES;
				CLANG_WARN_OBJC_ROOT_CLASS = YES_ERROR;
				CLANG_WARN_UNREACHABLE_CODE = YES;
				CLANG_WARN__DUPLICATE_METHOD_MATCH = YES;
				"CODE_SIGN_IDENTITY[sdk=iphoneos*]" = "iPhone Developer";
				COPY_PHASE_STRIP = YES;
				CURRENT_PROJECT_VERSION = 1;
				ENABLE_NS_ASSERTIONS = NO;
				ENABLE_STRICT_OBJC_MSGSEND = YES;
				GCC_C_LANGUAGE_STANDARD = gnu99;
				GCC_WARN_64_TO_32_BIT_CONVERSION = YES;
				GCC_WARN_ABOUT_RETURN_TYPE = YES_ERROR;
				GCC_WARN_UNDECLARED_SELECTOR = YES;
				GCC_WARN_UNINITIALIZED_AUTOS = YES_AGGRESSIVE;
				GCC_WARN_UNUSED_FUNCTION = YES;
				GCC_WARN_UNUSED_VARIABLE = YES;
				IPHONEOS_DEPLOYMENT_TARGET = 8.0;
				MTL_ENABLE_DEBUG_INFO = NO;
				SDKROOT = iphoneos;
				TARGETED_DEVICE_FAMILY = "1,2";
				VALIDATE_PRODUCT = YES;
				VERSIONING_SYSTEM = "apple-generic";
				VERSION_INFO_PREFIX = "";
			};
			name = Release;
		};
		6A87F50919C843A100E8F31B /* Debug */ = {
			isa = XCBuildConfiguration;
			buildSettings = {
				DEFINES_MODULE = YES;
				DYLIB_COMPATIBILITY_VERSION = 1;
				DYLIB_CURRENT_VERSION = 1;
				DYLIB_INSTALL_NAME_BASE = "@rpath";
				INFOPLIST_FILE = FrameWorkTest/Info.plist;
				INSTALL_PATH = "$(LOCAL_LIBRARY_DIR)/Frameworks";
				LD_RUNPATH_SEARCH_PATHS = "$(inherited) @executable_path/Frameworks @loader_path/Frameworks";
				PRODUCT_NAME = "$(TARGET_NAME)";
				SKIP_INSTALL = YES;
			};
			name = Debug;
		};
		6A87F50A19C843A100E8F31B /* Release */ = {
			isa = XCBuildConfiguration;
			buildSettings = {
				DEFINES_MODULE = YES;
				DYLIB_COMPATIBILITY_VERSION = 1;
				DYLIB_CURRENT_VERSION = 1;
				DYLIB_INSTALL_NAME_BASE = "@rpath";
				INFOPLIST_FILE = FrameWorkTest/Info.plist;
				INSTALL_PATH = "$(LOCAL_LIBRARY_DIR)/Frameworks";
				LD_RUNPATH_SEARCH_PATHS = "$(inherited) @executable_path/Frameworks @loader_path/Frameworks";
				PRODUCT_NAME = "$(TARGET_NAME)";
				SKIP_INSTALL = YES;
			};
			name = Release;
		};
		6A87F50C19C843A100E8F31B /* Debug */ = {
			isa = XCBuildConfiguration;
			buildSettings = {
				FRAMEWORK_SEARCH_PATHS = (
					"$(SDKROOT)/Developer/Library/Frameworks",
					"$(inherited)",
				);
				GCC_PREPROCESSOR_DEFINITIONS = (
					"DEBUG=1",
					"$(inherited)",
				);
				INFOPLIST_FILE = FrameWorkTestTests/Info.plist;
				LD_RUNPATH_SEARCH_PATHS = "$(inherited) @executable_path/Frameworks @loader_path/Frameworks";
				PRODUCT_NAME = "$(TARGET_NAME)";
			};
			name = Debug;
		};
		6A87F50D19C843A100E8F31B /* Release */ = {
			isa = XCBuildConfiguration;
			buildSettings = {
				FRAMEWORK_SEARCH_PATHS = (
					"$(SDKROOT)/Developer/Library/Frameworks",
					"$(inherited)",
				);
				INFOPLIST_FILE = FrameWorkTestTests/Info.plist;
				LD_RUNPATH_SEARCH_PATHS = "$(inherited) @executable_path/Frameworks @loader_path/Frameworks";
				PRODUCT_NAME = "$(TARGET_NAME)";
			};
			name = Release;
		};
/* End XCBuildConfiguration section */

/* Begin XCConfigurationList section */
		6A87F4EF19C843A100E8F31B /* Build configuration list for PBXProject "FrameWorkTest" */ = {
			isa = XCConfigurationList;
			buildConfigurations = (
				6A87F50619C843A100E8F31B /* Debug */,
				6A87F50719C843A100E8F31B /* Release */,
			);
			defaultConfigurationIsVisible = 0;
			defaultConfigurationName = Release;
		};
		6A87F50819C843A100E8F31B /* Build configuration list for PBXNativeTarget "FrameWorkTest" */ = {
			isa = XCConfigurationList;
			buildConfigurations = (
				6A87F50919C843A100E8F31B /* Debug */,
				6A87F50A19C843A100E8F31B /* Release */,
			);
			defaultConfigurationIsVisible = 0;
			defaultConfigurationName = Release;
		};
		6A87F50B19C843A100E8F31B /* Build configuration list for PBXNativeTarget "FrameWorkTestTests" */ = {
			isa = XCConfigurationList;
			buildConfigurations = (
				6A87F50C19C843A100E8F31B /* Debug */,
				6A87F50D19C843A100E8F31B /* Release */,
			);
			defaultConfigurationIsVisible = 0;
			defaultConfigurationName = Release;
		};
/* End XCConfigurationList section */
	};
	rootObject = 6A87F4EC19C843A100E8F31B /* Project object */;
}
